// !$*UTF8*$!
{
	archiveVersion = 1;
	classes = {
	};
	objectVersion = 50;
	objects = {

/* Begin PBXBuildFile section */
		263269C7C97370E28E0764DE /* Pods_Pinky.framework in Frameworks */ = {isa = PBXBuildFile; fileRef = F0AE27ED0B46E180002066FF /* Pods_Pinky.framework */; };
		CC2C4CCB244D8A6600E988EA /* AppDelegate.swift in Sources */ = {isa = PBXBuildFile; fileRef = CC2C4CCA244D8A6600E988EA /* AppDelegate.swift */; };
		CC2C4CCD244D8A6600E988EA /* SceneDelegate.swift in Sources */ = {isa = PBXBuildFile; fileRef = CC2C4CCC244D8A6600E988EA /* SceneDelegate.swift */; };
		CC2C4CCF244D8A6600E988EA /* ViewController.swift in Sources */ = {isa = PBXBuildFile; fileRef = CC2C4CCE244D8A6600E988EA /* ViewController.swift */; };
		CC2C4CD2244D8A6600E988EA /* Main.storyboard in Resources */ = {isa = PBXBuildFile; fileRef = CC2C4CD0244D8A6600E988EA /* Main.storyboard */; };
		CC2C4CD4244D8A6800E988EA /* Assets.xcassets in Resources */ = {isa = PBXBuildFile; fileRef = CC2C4CD3244D8A6800E988EA /* Assets.xcassets */; };
		CC2C4CD7244D8A6800E988EA /* LaunchScreen.storyboard in Resources */ = {isa = PBXBuildFile; fileRef = CC2C4CD5244D8A6800E988EA /* LaunchScreen.storyboard */; };
/* End PBXBuildFile section */

/* Begin PBXFileReference section */
		098E849114BC134E9FCFD795 /* Pods-Pinky.release.xcconfig */ = {isa = PBXFileReference; includeInIndex = 1; lastKnownFileType = text.xcconfig; name = "Pods-Pinky.release.xcconfig"; path = "Target Support Files/Pods-Pinky/Pods-Pinky.release.xcconfig"; sourceTree = "<group>"; };
		5BFA98DED55A8C114D7ADAA5 /* Pods-Pinky.debug.xcconfig */ = {isa = PBXFileReference; includeInIndex = 1; lastKnownFileType = text.xcconfig; name = "Pods-Pinky.debug.xcconfig"; path = "Target Support Files/Pods-Pinky/Pods-Pinky.debug.xcconfig"; sourceTree = "<group>"; };
		CC2C4CC7244D8A6600E988EA /* Pinky.app */ = {isa = PBXFileReference; explicitFileType = wrapper.application; includeInIndex = 0; path = Pinky.app; sourceTree = BUILT_PRODUCTS_DIR; };
		CC2C4CCA244D8A6600E988EA /* AppDelegate.swift */ = {isa = PBXFileReference; lastKnownFileType = sourcecode.swift; path = AppDelegate.swift; sourceTree = "<group>"; };
		CC2C4CCC244D8A6600E988EA /* SceneDelegate.swift */ = {isa = PBXFileReference; lastKnownFileType = sourcecode.swift; path = SceneDelegate.swift; sourceTree = "<group>"; };
		CC2C4CCE244D8A6600E988EA /* ViewController.swift */ = {isa = PBXFileReference; lastKnownFileType = sourcecode.swift; path = ViewController.swift; sourceTree = "<group>"; };
		CC2C4CD1244D8A6600E988EA /* Base */ = {isa = PBXFileReference; lastKnownFileType = file.storyboard; name = Base; path = Base.lproj/Main.storyboard; sourceTree = "<group>"; };
		CC2C4CD3244D8A6800E988EA /* Assets.xcassets */ = {isa = PBXFileReference; lastKnownFileType = folder.assetcatalog; path = Assets.xcassets; sourceTree = "<group>"; };
		CC2C4CD6244D8A6800E988EA /* Base */ = {isa = PBXFileReference; lastKnownFileType = file.storyboard; name = Base; path = Base.lproj/LaunchScreen.storyboard; sourceTree = "<group>"; };
		CC2C4CD8244D8A6800E988EA /* Info.plist */ = {isa = PBXFileReference; lastKnownFileType = text.plist.xml; path = Info.plist; sourceTree = "<group>"; };
		F0AE27ED0B46E180002066FF /* Pods_Pinky.framework */ = {isa = PBXFileReference; explicitFileType = wrapper.framework; includeInIndex = 0; path = Pods_Pinky.framework; sourceTree = BUILT_PRODUCTS_DIR; };
/* End PBXFileReference section */

/* Begin PBXFrameworksBuildPhase section */
		CC2C4CC4244D8A6600E988EA /* Frameworks */ = {
			isa = PBXFrameworksBuildPhase;
			buildActionMask = 2147483647;
			files = (
				263269C7C97370E28E0764DE /* Pods_Pinky.framework in Frameworks */,
			);
			runOnlyForDeploymentPostprocessing = 0;
		};
/* End PBXFrameworksBuildPhase section */

/* Begin PBXGroup section */
		CC2C4CBE244D8A6600E988EA = {
			isa = PBXGroup;
			children = (
				CC2C4CC9244D8A6600E988EA /* Pinky */,
				CC2C4CC8244D8A6600E988EA /* Products */,
				E8899D140720BE3D126E82DD /* Pods */,
				FCAE22FC3A0DE50B7C34F2E9 /* Frameworks */,
			);
			sourceTree = "<group>";
		};
		CC2C4CC8244D8A6600E988EA /* Products */ = {
			isa = PBXGroup;
			children = (
				CC2C4CC7244D8A6600E988EA /* Pinky.app */,
			);
			name = Products;
			sourceTree = "<group>";
		};
		CC2C4CC9244D8A6600E988EA /* Pinky */ = {
			isa = PBXGroup;
			children = (
				CC2C4CCA244D8A6600E988EA /* AppDelegate.swift */,
				CC2C4CCC244D8A6600E988EA /* SceneDelegate.swift */,
				CC2C4CCE244D8A6600E988EA /* ViewController.swift */,
				CC2C4CD0244D8A6600E988EA /* Main.storyboard */,
				CC2C4CD3244D8A6800E988EA /* Assets.xcassets */,
				CC2C4CD5244D8A6800E988EA /* LaunchScreen.storyboard */,
				CC2C4CD8244D8A6800E988EA /* Info.plist */,
			);
			path = Pinky;
			sourceTree = "<group>";
		};
		E8899D140720BE3D126E82DD /* Pods */ = {
			isa = PBXGroup;
			children = (
				5BFA98DED55A8C114D7ADAA5 /* Pods-Pinky.debug.xcconfig */,
				098E849114BC134E9FCFD795 /* Pods-Pinky.release.xcconfig */,
			);
			name = Pods;
			path = Pods;
			sourceTree = "<group>";
		};
		FCAE22FC3A0DE50B7C34F2E9 /* Frameworks */ = {
			isa = PBXGroup;
			children = (
				F0AE27ED0B46E180002066FF /* Pods_Pinky.framework */,
			);
			name = Frameworks;
			sourceTree = "<group>";
		};
/* End PBXGroup section */

/* Begin PBXNativeTarget section */
		CC2C4CC6244D8A6600E988EA /* Pinky */ = {
			isa = PBXNativeTarget;
			buildConfigurationList = CC2C4CDB244D8A6800E988EA /* Build configuration list for PBXNativeTarget "Pinky" */;
			buildPhases = (
				1936D1C80CDE975ACEDFF62E /* [CP] Check Pods Manifest.lock */,
				CC2C4CC3244D8A6600E988EA /* Sources */,
				CC2C4CC4244D8A6600E988EA /* Frameworks */,
				CC2C4CC5244D8A6600E988EA /* Resources */,
				301A847B1D846C195B6C2F67 /* [CP] Embed Pods Frameworks */,
			);
			buildRules = (
			);
			dependencies = (
			);
			name = Pinky;
			productName = Pinky;
			productReference = CC2C4CC7244D8A6600E988EA /* Pinky.app */;
			productType = "com.apple.product-type.application";
		};
/* End PBXNativeTarget section */

/* Begin PBXProject section */
		CC2C4CBF244D8A6600E988EA /* Project object */ = {
			isa = PBXProject;
			attributes = {
				LastSwiftUpdateCheck = 1130;
				LastUpgradeCheck = 1130;
				ORGANIZATIONNAME = "Rajshekhar Sahu";
				TargetAttributes = {
					CC2C4CC6244D8A6600E988EA = {
						CreatedOnToolsVersion = 11.3;
					};
				};
			};
			buildConfigurationList = CC2C4CC2244D8A6600E988EA /* Build configuration list for PBXProject "Pinky" */;
			compatibilityVersion = "Xcode 9.3";
			developmentRegion = en;
			hasScannedForEncodings = 0;
			knownRegions = (
				en,
				Base,
			);
			mainGroup = CC2C4CBE244D8A6600E988EA;
			productRefGroup = CC2C4CC8244D8A6600E988EA /* Products */;
			projectDirPath = "";
			projectRoot = "";
			targets = (
				CC2C4CC6244D8A6600E988EA /* Pinky */,
			);
		};
/* End PBXProject section */

/* Begin PBXResourcesBuildPhase section */
		CC2C4CC5244D8A6600E988EA /* Resources */ = {
			isa = PBXResourcesBuildPhase;
			buildActionMask = 2147483647;
			files = (
				CC2C4CD7244D8A6800E988EA /* LaunchScreen.storyboard in Resources */,
				CC2C4CD4244D8A6800E988EA /* Assets.xcassets in Resources */,
				CC2C4CD2244D8A6600E988EA /* Main.storyboard in Resources */,
			);
			runOnlyForDeploymentPostprocessing = 0;
		};
/* End PBXResourcesBuildPhase section */

/* Begin PBXShellScriptBuildPhase section */
		1936D1C80CDE975ACEDFF62E /* [CP] Check Pods Manifest.lock */ = {
			isa = PBXShellScriptBuildPhase;
			buildActionMask = 2147483647;
			files = (
			);
			inputFileListPaths = (
			);
			inputPaths = (
				"${PODS_PODFILE_DIR_PATH}/Podfile.lock",
				"${PODS_ROOT}/Manifest.lock",
			);
			name = "[CP] Check Pods Manifest.lock";
			outputFileListPaths = (
			);
			outputPaths = (
				"$(DERIVED_FILE_DIR)/Pods-Pinky-checkManifestLockResult.txt",
			);
			runOnlyForDeploymentPostprocessing = 0;
			shellPath = /bin/sh;
			shellScript = "diff \"${PODS_PODFILE_DIR_PATH}/Podfile.lock\" \"${PODS_ROOT}/Manifest.lock\" > /dev/null\nif [ $? != 0 ] ; then\n    # print error to STDERR\n    echo \"error: The sandbox is not in sync with the Podfile.lock. Run 'pod install' or update your CocoaPods installation.\" >&2\n    exit 1\nfi\n# This output is used by Xcode 'outputs' to avoid re-running this script phase.\necho \"SUCCESS\" > \"${SCRIPT_OUTPUT_FILE_0}\"\n";
			showEnvVarsInLog = 0;
		};
		301A847B1D846C195B6C2F67 /* [CP] Embed Pods Frameworks */ = {
			isa = PBXShellScriptBuildPhase;
			buildActionMask = 2147483647;
			files = (
			);
			inputFileListPaths = (
				"${PODS_ROOT}/Target Support Files/Pods-Pinky/Pods-Pinky-frameworks-${CONFIGURATION}-input-files.xcfilelist",
			);
			name = "[CP] Embed Pods Frameworks";
			outputFileListPaths = (
				"${PODS_ROOT}/Target Support Files/Pods-Pinky/Pods-Pinky-frameworks-${CONFIGURATION}-output-files.xcfilelist",
			);
			runOnlyForDeploymentPostprocessing = 0;
			shellPath = /bin/sh;
			shellScript = "\"${PODS_ROOT}/Target Support Files/Pods-Pinky/Pods-Pinky-frameworks.sh\"\n";
			showEnvVarsInLog = 0;
		};
/* End PBXShellScriptBuildPhase section */

/* Begin PBXSourcesBuildPhase section */
		CC2C4CC3244D8A6600E988EA /* Sources */ = {
			isa = PBXSourcesBuildPhase;
			buildActionMask = 2147483647;
			files = (
				CC2C4CCF244D8A6600E988EA /* ViewController.swift in Sources */,
				CC2C4CCB244D8A6600E988EA /* AppDelegate.swift in Sources */,
				CC2C4CCD244D8A6600E988EA /* SceneDelegate.swift in Sources */,
			);
			runOnlyForDeploymentPostprocessing = 0;
		};
/* End PBXSourcesBuildPhase section */

/* Begin PBXVariantGroup section */
		CC2C4CD0244D8A6600E988EA /* Main.storyboard */ = {
			isa = PBXVariantGroup;
			children = (
				CC2C4CD1244D8A6600E988EA /* Base */,
			);
			name = Main.storyboard;
			sourceTree = "<group>";
		};
		CC2C4CD5244D8A6800E988EA /* LaunchScreen.storyboard */ = {
			isa = PBXVariantGroup;
			children = (
				CC2C4CD6244D8A6800E988EA /* Base */,
			);
			name = LaunchScreen.storyboard;
			sourceTree = "<group>";
		};
/* End PBXVariantGroup section */

/* Begin XCBuildConfiguration section */
		CC2C4CD9244D8A6800E988EA /* Debug */ = {
			isa = XCBuildConfiguration;
			buildSettings = {
				ALWAYS_SEARCH_USER_PATHS = NO;
				CLANG_ANALYZER_NONNULL = YES;
				CLANG_ANALYZER_NUMBER_OBJECT_CONVERSION = YES_AGGRESSIVE;
				CLANG_CXX_LANGUAGE_STANDARD = "gnu++14";
				CLANG_CXX_LIBRARY = "libc++";
				CLANG_ENABLE_MODULES = YES;
				CLANG_ENABLE_OBJC_ARC = YES;
				CLANG_ENABLE_OBJC_WEAK = YES;
				CLANG_WARN_BLOCK_CAPTURE_AUTORELEASING = YES;
				CLANG_WARN_BOOL_CONVERSION = YES;
				CLANG_WARN_COMMA = YES;
				CLANG_WARN_CONSTANT_CONVERSION = YES;
				CLANG_WARN_DEPRECATED_OBJC_IMPLEMENTATIONS = YES;
				CLANG_WARN_DIRECT_OBJC_ISA_USAGE = YES_ERROR;
				CLANG_WARN_DOCUMENTATION_COMMENTS = YES;
				CLANG_WARN_EMPTY_BODY = YES;
				CLANG_WARN_ENUM_CONVERSION = YES;
				CLANG_WARN_INFINITE_RECURSION = YES;
				CLANG_WARN_INT_CONVERSION = YES;
				CLANG_WARN_NON_LITERAL_NULL_CONVERSION = YES;
				CLANG_WARN_OBJC_IMPLICIT_RETAIN_SELF = YES;
				CLANG_WARN_OBJC_LITERAL_CONVERSION = YES;
				CLANG_WARN_OBJC_ROOT_CLASS = YES_ERROR;
				CLANG_WARN_RANGE_LOOP_ANALYSIS = YES;
				CLANG_WARN_STRICT_PROTOTYPES = YES;
				CLANG_WARN_SUSPICIOUS_MOVE = YES;
				CLANG_WARN_UNGUARDED_AVAILABILITY = YES_AGGRESSIVE;
				CLANG_WARN_UNREACHABLE_CODE = YES;
				CLANG_WARN__DUPLICATE_METHOD_MATCH = YES;
				COPY_PHASE_STRIP = NO;
				DEBUG_INFORMATION_FORMAT = dwarf;
				ENABLE_STRICT_OBJC_MSGSEND = YES;
				ENABLE_TESTABILITY = YES;
				GCC_C_LANGUAGE_STANDARD = gnu11;
				GCC_DYNAMIC_NO_PIC = NO;
				GCC_NO_COMMON_BLOCKS = YES;
				GCC_OPTIMIZATION_LEVEL = 0;
				GCC_PREPROCESSOR_DEFINITIONS = (
					"DEBUG=1",
					"$(inherited)",
				);
				GCC_WARN_64_TO_32_BIT_CONVERSION = YES;
				GCC_WARN_ABOUT_RETURN_TYPE = YES_ERROR;
				GCC_WARN_UNDECLARED_SELECTOR = YES;
				GCC_WARN_UNINITIALIZED_AUTOS = YES_AGGRESSIVE;
				GCC_WARN_UNUSED_FUNCTION = YES;
				GCC_WARN_UNUSED_VARIABLE = YES;
				IPHONEOS_DEPLOYMENT_TARGET = 13.2;
				MTL_ENABLE_DEBUG_INFO = INCLUDE_SOURCE;
				MTL_FAST_MATH = YES;
				ONLY_ACTIVE_ARCH = YES;
				SDKROOT = iphoneos;
				SWIFT_ACTIVE_COMPILATION_CONDITIONS = DEBUG;
				SWIFT_OPTIMIZATION_LEVEL = "-Onone";
			};
			name = Debug;
		};
		CC2C4CDA244D8A6800E988EA /* Release */ = {
			isa = XCBuildConfiguration;
			buildSettings = {
				ALWAYS_SEARCH_USER_PATHS = NO;
				CLANG_ANALYZER_NONNULL = YES;
				CLANG_ANALYZER_NUMBER_OBJECT_CONVERSION = YES_AGGRESSIVE;
				CLANG_CXX_LANGUAGE_STANDARD = "gnu++14";
				CLANG_CXX_LIBRARY = "libc++";
				CLANG_ENABLE_MODULES = YES;
				CLANG_ENABLE_OBJC_ARC = YES;
				CLANG_ENABLE_OBJC_WEAK = YES;
				CLANG_WARN_BLOCK_CAPTURE_AUTORELEASING = YES;
				CLANG_WARN_BOOL_CONVERSION = YES;
				CLANG_WARN_COMMA = YES;
				CLANG_WARN_CONSTANT_CONVERSION = YES;
				CLANG_WARN_DEPRECATED_OBJC_IMPLEMENTATIONS = YES;
				CLANG_WARN_DIRECT_OBJC_ISA_USAGE = YES_ERROR;
				CLANG_WARN_DOCUMENTATION_COMMENTS = YES;
				CLANG_WARN_EMPTY_BODY = YES;
				CLANG_WARN_ENUM_CONVERSION = YES;
				CLANG_WARN_INFINITE_RECURSION = YES;
				CLANG_WARN_INT_CONVERSION = YES;
				CLANG_WARN_NON_LITERAL_NULL_CONVERSION = YES;
				CLANG_WARN_OBJC_IMPLICIT_RETAIN_SELF = YES;
				CLANG_WARN_OBJC_LITERAL_CONVERSION = YES;
				CLANG_WARN_OBJC_ROOT_CLASS = YES_ERROR;
				CLANG_WARN_RANGE_LOOP_ANALYSIS = YES;
				CLANG_WARN_STRICT_PROTOTYPES = YES;
				CLANG_WARN_SUSPICIOUS_MOVE = YES;
				CLANG_WARN_UNGUARDED_AVAILABILITY = YES_AGGRESSIVE;
				CLANG_WARN_UNREACHABLE_CODE = YES;
				CLANG_WARN__DUPLICATE_METHOD_MATCH = YES;
				COPY_PHASE_STRIP = NO;
				DEBUG_INFORMATION_FORMAT = "dwarf-with-dsym";
				ENABLE_NS_ASSERTIONS = NO;
				ENABLE_STRICT_OBJC_MSGSEND = YES;
				GCC_C_LANGUAGE_STANDARD = gnu11;
				GCC_NO_COMMON_BLOCKS = YES;
				GCC_WARN_64_TO_32_BIT_CONVERSION = YES;
				GCC_WARN_ABOUT_RETURN_TYPE = YES_ERROR;
				GCC_WARN_UNDECLARED_SELECTOR = YES;
				GCC_WARN_UNINITIALIZED_AUTOS = YES_AGGRESSIVE;
				GCC_WARN_UNUSED_FUNCTION = YES;
				GCC_WARN_UNUSED_VARIABLE = YES;
				IPHONEOS_DEPLOYMENT_TARGET = 13.2;
				MTL_ENABLE_DEBUG_INFO = NO;
				MTL_FAST_MATH = YES;
				SDKROOT = iphoneos;
				SWIFT_COMPILATION_MODE = wholemodule;
				SWIFT_OPTIMIZATION_LEVEL = "-O";
				VALIDATE_PRODUCT = YES;
			};
			name = Release;
		};
		CC2C4CDC244D8A6800E988EA /* Debug */ = {
			isa = XCBuildConfiguration;
			baseConfigurationReference = 5BFA98DED55A8C114D7ADAA5 /* Pods-Pinky.debug.xcconfig */;
			buildSettings = {
				ASSETCATALOG_COMPILER_APPICON_NAME = AppIcon;
				CODE_SIGN_STYLE = Automatic;
				INFOPLIST_FILE = Pinky/Info.plist;
				LD_RUNPATH_SEARCH_PATHS = (
					"$(inherited)",
					"@executable_path/Frameworks",
				);
				PRODUCT_BUNDLE_IDENTIFIER = com.raj.Pinky;
				PRODUCT_NAME = "$(TARGET_NAME)";
				SWIFT_VERSION = 5.0;
				TARGETED_DEVICE_FAMILY = "1,2";
			};
			name = Debug;
		};
		CC2C4CDD244D8A6800E988EA /* Release */ = {
			isa = XCBuildConfiguration;
			baseConfigurationReference = 098E849114BC134E9FCFD795 /* Pods-Pinky.release.xcconfig */;
			buildSettings = {
				ASSETCATALOG_COMPILER_APPICON_NAME = AppIcon;
				CODE_SIGN_STYLE = Automatic;
				INFOPLIST_FILE = Pinky/Info.plist;
				LD_RUNPATH_SEARCH_PATHS = (
					"$(inherited)",
					"@executable_path/Frameworks",
				);
				PRODUCT_BUNDLE_IDENTIFIER = com.raj.Pinky;
				PRODUCT_NAME = "$(TARGET_NAME)";
				SWIFT_VERSION = 5.0;
				TARGETED_DEVICE_FAMILY = "1,2";
			};
			name = Release;
		};
/* End XCBuildConfiguration section */

/* Begin XCConfigurationList section */
		CC2C4CC2244D8A6600E988EA /* Build configuration list for PBXProject "Pinky" */ = {
			isa = XCConfigurationList;
			buildConfigurations = (
				CC2C4CD9244D8A6800E988EA /* Debug */,
				CC2C4CDA244D8A6800E988EA /* Release */,
			);
			defaultConfigurationIsVisible = 0;
			defaultConfigurationName = Release;
		};
		CC2C4CDB244D8A6800E988EA /* Build configuration list for PBXNativeTarget "Pinky" */ = {
			isa = XCConfigurationList;
			buildConfigurations = (
				CC2C4CDC244D8A6800E988EA /* Debug */,
				CC2C4CDD244D8A6800E988EA /* Release */,
			);
			defaultConfigurationIsVisible = 0;
			defaultConfigurationName = Release;
		};
/* End XCConfigurationList section */
	};
	rootObject = CC2C4CBF244D8A6600E988EA /* Project object */;
}
